{
  "name": "@bsv/wallet-toolbox-client",
  "version": "2.0.0",
  "lockfileVersion": 3,
  "requires": true,
  "packages": {
    "": {
      "name": "@bsv/wallet-toolbox-client",
      "version": "2.0.0",
      "license": "SEE LICENSE IN license.md",
      "dependencies": {
        "@bsv/sdk": "^2.0.0",
        "idb": "^8.0.2"
      }
    },
    "node_modules/@bsv/sdk": {
      "version": "2.0.0",
      "resolved": "https://registry.npmjs.org/@bsv/sdk/-/sdk-2.0.0.tgz",
      "integrity": "sha512-W6CoAFRnYAetr8d90odwjdvIAgtV6CVUWeH5OhBwUrdDsHA8GAlv492VMwcQ+Eh46GfuXrnPvvW+fE25fMswNg==",
      "license": "SEE LICENSE IN LICENSE.txt"
    },
    "node_modules/idb": {
      "version": "8.0.2",
      "resolved": "https://registry.npmjs.org/idb/-/idb-8.0.2.tgz",
      "integrity": "sha512-CX70rYhx7GDDQzwwQMDwF6kDRQi5vVs6khHUumDrMecBylKkwvZ8HWvKV08AGb7VbpoGCWUQ4aHzNDgoUiOIUg==",
      "license": "ISC"
    }
  }
}
