{
  "name": "@bsv/wallet-toolbox-mobile",
  "version": "2.0.19",
  "lockfileVersion": 3,
  "requires": true,
  "packages": {
    "": {
      "name": "@bsv/wallet-toolbox-mobile",
      "version": "2.0.19",
      "license": "SEE LICENSE IN license.md",
      "dependencies": {
        "@bsv/sdk": "^2.0.0"
      }
    },
    "node_modules/@bsv/sdk": {
      "version": "2.0.0",
      "resolved": "https://registry.npmjs.org/@bsv/sdk/-/sdk-2.0.0.tgz",
      "integrity": "sha512-W6CoAFRnYAetr8d90odwjdvIAgtV6CVUWeH5OhBwUrdDsHA8GAlv492VMwcQ+Eh46GfuXrnPvvW+fE25fMswNg==",
      "license": "SEE LICENSE IN LICENSE.txt"
    }
  }
}
