{
  "name": "@bsv/wallet-toolbox-mobile",
  "version": "1.7.19",
  "lockfileVersion": 3,
  "requires": true,
  "packages": {
    "": {
      "name": "@bsv/wallet-toolbox-mobile",
      "version": "1.7.19",
      "license": "SEE LICENSE IN license.md",
      "dependencies": {
        "@bsv/sdk": "^1.9.29"
      }
    },
    "node_modules/@bsv/sdk": {
      "version": "1.9.29",
      "resolved": "https://registry.npmjs.org/@bsv/sdk/-/sdk-1.9.29.tgz",
      "integrity": "sha512-hPB2YQKBky3vpGhGVDdu/Iui19dhmhubIirWskZcppUBpeVYN9HwiS26PK30/avSwRyyzxM43gDcqsNBOL/5Ww==",
      "license": "SEE LICENSE IN LICENSE.txt"
    }
  }
}
