{
  "name": "@bsv/wallet-toolbox-mobile",
  "version": "1.8.1",
  "lockfileVersion": 3,
  "requires": true,
  "packages": {
    "": {
      "name": "@bsv/wallet-toolbox-mobile",
      "version": "1.8.1",
      "license": "SEE LICENSE IN license.md",
      "dependencies": {
        "@bsv/sdk": "^2.0.0-beta.0"
      }
    },
    "node_modules/@bsv/sdk": {
      "version": "2.0.0-beta.0",
      "resolved": "https://registry.npmjs.org/@bsv/sdk/-/sdk-2.0.0-beta.0.tgz",
      "integrity": "sha512-jtr5mmgSoUcRFKGkMd8jJe4vBoNZcc73dXKI4EAsDNu4tU8DHxNjzH3ON8Z7ffzQLp1zRsrD0AY78uCDryTe/Q==",
      "license": "SEE LICENSE IN LICENSE.txt"
    }
  }
}
